
Microsoft Visual Studio Solution File, Format Version 12.00
# Visual Studio Version 17
VisualStudioVersion = 17.13.35931.197
MinimumVisualStudioVersion = 10.0.40219.1
Project("{FAE04EC0-301F-11D3-BF4B-00C04F79EFBC}") = "SnakeGameAI", "SnakeGameAI.csproj", "{E8E8050F-EDE2-2334-00BC-FAB55E15C024}"
EndProject
Global
	GlobalSection(SolutionConfigurationPlatforms) = preSolution
		Debug|Any CPU = Debug|Any CPU
		Release|Any CPU = Release|Any CPU
	EndGlobalSection
	GlobalSection(ProjectConfigurationPlatforms) = postSolution
		{E8E8050F-EDE2-2334-00BC-FAB55E15C024}.Debug|Any CPU.ActiveCfg = Debug|Any CPU
		{E8E8050F-EDE2-2334-00BC-FAB55E15C024}.Debug|Any CPU.Build.0 = Debug|Any CPU
		{E8E8050F-EDE2-2334-00BC-FAB55E15C024}.Release|Any CPU.ActiveCfg = Release|Any CPU
		{E8E8050F-EDE2-2334-00BC-FAB55E15C024}.Release|Any CPU.Build.0 = Release|Any CPU
	EndGlobalSection
	GlobalSection(SolutionProperties) = preSolution
		HideSolutionNode = FALSE
	EndGlobalSection
	GlobalSection(ExtensibilityGlobals) = postSolution
		SolutionGuid = {1C93DF77-60EF-4AD8-8E5D-E5BCD43508DC}
	EndGlobalSection
EndGlobal
